
Microsoft Visual Studio Solution File, Format Version 12.00
# Visual Studio Version 17
VisualStudioVersion = 17.7.34003.232
MinimumVisualStudioVersion = 10.0.40219.1
Project("{9A19103F-16F7-4668-BE54-9A1E7A4F7556}") = "GrpcServer", "GrpcServer\GrpcServer.csproj", "{357AAB0B-0DCA-4F4B-9172-96BB2876981D}"
EndProject
Project("{9A19103F-16F7-4668-BE54-9A1E7A4F7556}") = "gRPCClient", "gRPCClient\gRPCClient.csproj", "{92DF3894-E075-4BBA-B576-36A17D4DA579}"
EndProject
Global
	GlobalSection(SolutionConfigurationPlatforms) = preSolution
		Debug|Any CPU = Debug|Any CPU
		Release|Any CPU = Release|Any CPU
	EndGlobalSection
	GlobalSection(ProjectConfigurationPlatforms) = postSolution
		{357AAB0B-0DCA-4F4B-9172-96BB2876981D}.Debug|Any CPU.ActiveCfg = Debug|Any CPU
		{357AAB0B-0DCA-4F4B-9172-96BB2876981D}.Debug|Any CPU.Build.0 = Debug|Any CPU
		{357AAB0B-0DCA-4F4B-9172-96BB2876981D}.Release|Any CPU.ActiveCfg = Release|Any CPU
		{357AAB0B-0DCA-4F4B-9172-96BB2876981D}.Release|Any CPU.Build.0 = Release|Any CPU
		{92DF3894-E075-4BBA-B576-36A17D4DA579}.Debug|Any CPU.ActiveCfg = Debug|Any CPU
		{92DF3894-E075-4BBA-B576-36A17D4DA579}.Debug|Any CPU.Build.0 = Debug|Any CPU
		{92DF3894-E075-4BBA-B576-36A17D4DA579}.Release|Any CPU.ActiveCfg = Release|Any CPU
		{92DF3894-E075-4BBA-B576-36A17D4DA579}.Release|Any CPU.Build.0 = Release|Any CPU
	EndGlobalSection
	GlobalSection(SolutionProperties) = preSolution
		HideSolutionNode = FALSE
	EndGlobalSection
	GlobalSection(ExtensibilityGlobals) = postSolution
		SolutionGuid = {7A4708CE-7074-426F-8B87-6DF8D93938E9}
	EndGlobalSection
EndGlobal
